
Microsoft Visual Studio Solution File, Format Version 12.00
# Visual Studio Version 17
VisualStudioVersion = 17.8.34316.72
MinimumVisualStudioVersion = 10.0.40219.1
Project("{FAE04EC0-301F-11D3-BF4B-00C04F79EFBC}") = "Student", "Student\Student.csproj", "{0DE14402-CF47-40E7-926D-AAB02E3CFECC}"
EndProject
Global
	GlobalSection(SolutionConfigurationPlatforms) = preSolution
		Debug|Any CPU = Debug|Any CPU
		Release|Any CPU = Release|Any CPU
	EndGlobalSection
	GlobalSection(ProjectConfigurationPlatforms) = postSolution
		{0DE14402-CF47-40E7-926D-AAB02E3CFECC}.Debug|Any CPU.ActiveCfg = Debug|Any CPU
		{0DE14402-CF47-40E7-926D-AAB02E3CFECC}.Debug|Any CPU.Build.0 = Debug|Any CPU
		{0DE14402-CF47-40E7-926D-AAB02E3CFECC}.Release|Any CPU.ActiveCfg = Release|Any CPU
		{0DE14402-CF47-40E7-926D-AAB02E3CFECC}.Release|Any CPU.Build.0 = Release|Any CPU
	EndGlobalSection
	GlobalSection(SolutionProperties) = preSolution
		HideSolutionNode = FALSE
	EndGlobalSection
	GlobalSection(ExtensibilityGlobals) = postSolution
		SolutionGuid = {DB102270-6001-480F-9D67-B18B1B40EF97}
	EndGlobalSection
EndGlobal
